{
  "name": "exp-form-association-polyfill",
  "version": "1.0.0",
  "lockfileVersion": 1,
  "requires": true,
  "dependencies": {
    "form-association-polyfill": {
      "version": "2.0.3",
      "resolved": "https://registry.npmjs.org/form-association-polyfill/-/form-association-polyfill-2.0.3.tgz",
      "integrity": "sha512-9cphuZ9j9mdNqfpSA5R9nCljdtKL6lfeQPfj239jan7j7DVsptSREwEWSbaKLHmorsR8GdHoDvJg6sWtuooOvA==",
      "requires": {
        "form-extra-events": "^2.0.2",
        "polyshim": "^0.1.2"
      }
    },
    "form-extra-events": {
      "version": "2.0.3",
      "resolved": "https://registry.npmjs.org/form-extra-events/-/form-extra-events-2.0.3.tgz",
      "integrity": "sha512-/VtkCC1tdI0vQjSdlR/hqFW7MTTBftOJ7IPH73C+6lgrZtAv5WIrMh0xiSW9BqOwQgvRkEd1GTYHGMSCSkEYjA==",
      "requires": {
        "polyshim": "^0.1.2"
      }
    },
    "polyshim": {
      "version": "0.1.3",
      "resolved": "https://registry.npmjs.org/polyshim/-/polyshim-0.1.3.tgz",
      "integrity": "sha512-SyzqznDYqQlcHUMc3RSVTr+XVSq9C9dLHHTBfMc7Q3bs+ZnFcgHxf22TrcxY2W6p/y7j2SlkfpOzDM5aHR3W3w=="
    }
  }
}
